
Microsoft Visual Studio Solution File, Format Version 12.00
# Visual Studio Version 16
VisualStudioVersion = 16.0.29418.71
MinimumVisualStudioVersion = 10.0.40219.1
Project("{FAE04EC0-301F-11D3-BF4B-00C04F79EFBC}") = "Library_Double_A_bot", "Library_Double_A_bot\Library_Double_A_bot.csproj", "{C698867F-107A-46CC-8630-3759CE24CEA7}"
EndProject
Global
	GlobalSection(SolutionConfigurationPlatforms) = preSolution
		Debug|Any CPU = Debug|Any CPU
		Release|Any CPU = Release|Any CPU
	EndGlobalSection
	GlobalSection(ProjectConfigurationPlatforms) = postSolution
		{C698867F-107A-46CC-8630-3759CE24CEA7}.Debug|Any CPU.ActiveCfg = Debug|Any CPU
		{C698867F-107A-46CC-8630-3759CE24CEA7}.Debug|Any CPU.Build.0 = Debug|Any CPU
		{C698867F-107A-46CC-8630-3759CE24CEA7}.Release|Any CPU.ActiveCfg = Release|Any CPU
		{C698867F-107A-46CC-8630-3759CE24CEA7}.Release|Any CPU.Build.0 = Release|Any CPU
	EndGlobalSection
	GlobalSection(SolutionProperties) = preSolution
		HideSolutionNode = FALSE
	EndGlobalSection
	GlobalSection(ExtensibilityGlobals) = postSolution
		SolutionGuid = {5116346E-177E-43FE-801D-C11A59945C91}
	EndGlobalSection
EndGlobal
